schema_version: 1
contract:
  protocol_version: "2026-07-28"
  roadmap:
    path: ROADMAP.md
    sha256: 9518c0678ce2ecb03b873a7d4ac5332c7d740c4413c43c375cf40aa4680ae024
  lattice_schema:
    path: test/lattice/mcp_tool_authorization.json
    sha256: 70aec37011d2be7a1b7ed8e72118cd7d4c2305848b645c6745cdf1ba385710e7
  lattice_scenarios:
    path: test/lattice/mcp_tool_authorization_scenarios.json
    sha256: f27346dd8cc8337f2cc599071e21e3bc73268a576e24b76fb2e83c040a67cd7e
    seed: 42
    exhaustive_strength: 8
    expected_rows: 12
  release_lattice_schema:
    path: test/lattice/release_evidence.json
    sha256: 5deefe22a221358e3d9e078448f190f2c095c00bedc78eeafa6996dcdbffcfd0
  release_lattice_scenarios:
    path: test/lattice/release_evidence_scenarios.json
    sha256: a02e3317c7c96444f1c520116c6246a90b4ffec52dd57fc2cdd6d0f47764dfed
    seed: 42
    exhaustive_strength: 9
    expected_rows: 60
ruby_sdk:
  gem: mcp
  requirement: ">= 1.1.0, < 2"
  tag: v1.1.0
  version: 1.1.0
  revision: 72a929bbc00c512fbaad82f1e14d02fae2539032
  issue: https://github.com/modelcontextprotocol/ruby-sdk/issues/389
  lanes:
    min:
      selector: "= 1.1.0"
      resolved_at_contract: 1.1.0
    latest:
      selector: ">= 1.1.0, < 2"
      resolved_at_contract: 1.1.0
conformance:
  package: "@modelcontextprotocol/conformance"
  version: 0.2.0-alpha.10
  revision: a9896553900a2ef61787b57adfcbbe936a8ab1f9
  integrity: sha512-0V/HZDdWHcg6j0zVBzBsXcPZ571IVi6umKgTpnBhtTx/jm/LONmGF6cIWL2k4Xjyps0OiHV6B37nj2s0pUg0nQ==
  package_manifest:
    path: test/conformance/package.json
    sha256: d6e4c68b0e9512fbf183ab4a0a928883fafd4a37543c7559de59fb86a2b08082
  package_lock:
    path: test/conformance/package-lock.json
    sha256: 84e71df11eaa61d9cbdff1c43f62cd4a64d8a651b0d4c9f12f80c04ca84c92f7
  harness_patch:
    path: test/conformance/harness.patch
    sha256: 495975758b1f42f08c91b46f4151529348d2c8e82e376f672b27d7018faaca8b
    authorization_input: private_mode_0600_file
    upstream_scenario_assertions_changed: false
automated_clients:
  rails_server:
    package: puma
    version: 8.0.2
  harness:
    path: test/checkpoint/automated_clients.rb
    sha256: db0cfd69c0aa307a49f29f1af73a5080250799225c4a479b3ac1149284976ea4
  redis_service:
    path: test/checkpoint/pinned_redis.rb
    sha256: 62518270085125bb20c3299504982ab6f8d2a79cde4c378d9ce4c139f9ff3523
  matrix:
    schema:
      path: test/lattice/m5_automated_clients.json
      sha256: 0cfd777295abaedbdb595df86b5861ef89e89e1e7ea4042755ecb5ad310903a3
    scenarios:
      path: test/lattice/m5_automated_clients_scenarios.json
      sha256: 92ea37a048ead1ba1ef959956074266e7a65b7d989157844b1facbd40c2ab4a5
      seed: 42
      exhaustive_strength: 3
      expected_rows: 8
  typescript:
    package: "@modelcontextprotocol/client"
    version: 2.0.0
    shasum: 4dc18c983c7acb40040f08442123e3c5b88d6074
    integrity: sha512-8f1OghQ2rjzIOfqgUCP+8GiUWqRs89njoWLNqAe8kWmDePv3s1fZXseej+QXemssEuuOvLLmLO/kqM3IQHtISw==
    artifact: https://registry.npmjs.org/@modelcontextprotocol/client/-/client-2.0.0.tgz
    package_manifest:
      path: test/clients/typescript/package.json
      sha256: 016f1d27d48d711749dcc0b4f5ad74129c223be0274bdaa965e052874ec1190c
    package_lock:
      path: test/clients/typescript/package-lock.json
      sha256: 8af64c115bfa39814622dc9a9b79ffa6766469c896cc898e4ee1445d0ada72b2
    fixture:
      path: test/clients/typescript/smoke.mjs
      sha256: 0c78ce56d32e86c0e7bd607812b5960d03f787f252737cb2048b335b26ac0557
  python:
    package: mcp
    version: 2.0.0
    lock_generator: pip-tools
    lock_generator_version: 7.5.3
    artifact: https://files.pythonhosted.org/packages/67/72/7d7897418912c1d12e87556630dfb7bf0eac71160e9bef8b447960804ee3/mcp-2.0.0-py3-none-any.whl
    sha256: 1cb4c75d2d2c7b8c1d756355e5d82a39f2822cc7f13e22a2051d7ca3592349d6
    requirements_lock:
      path: test/clients/python/requirements.lock
      sha256: ae6a19492ee0c0c493ea66fd3bb2134c79a30eae2fe51257c7c43955e930fc63
    fixture:
      path: test/clients/python/smoke.py
      sha256: 3fb86a2854c2a31f8c83fd36f46c555153cce1b046bdd404c8091d85895c3f96
lattice:
  package: lattice-cli
  implementation: python
  version: 0.1.2
  seed: 42
redis:
  gem_requirement: ">= 5, < 7"
  image: docker.io/library/redis:7.4.5-alpine
  index_digest: sha256:bb186d083732f669da90be8b0f975a37812b15e913465bb14d845db72a4e3e08
  linux_amd64_digest: sha256:0302cccee2b2043e61b497c8f4075467c5f7ba27a9f38be7e092634f2734baed
  linux_arm64_digest: sha256:53ced3c237c7411bcac9047db4a04e4d1060adc052f8cfb409136be6ced7f293
mutation:
  runner: mutant
  version: 0.16.3
  integration: mutant-minitest
  integration_version: 0.16.3
support_tools:
  jq: "1.7.1"
  node: "23.7.0"
  npm: "11.1.0"
