schema_version: 1
automated_clients:
  typescript:
    package: '@modelcontextprotocol/client'
    version: 2.0.0
    shasum: 4dc18c983c7acb40040f08442123e3c5b88d6074
    integrity: sha512-8f1OghQ2rjzIOfqgUCP+8GiUWqRs89njoWLNqAe8kWmDePv3s1fZXseej+QXemssEuuOvLLmLO/kqM3IQHtISw==
    artifact: https://registry.npmjs.org/@modelcontextprotocol/client/-/client-2.0.0.tgz
    package_manifest:
      path: test/clients/typescript/package.json
      sha256: 016f1d27d48d711749dcc0b4f5ad74129c223be0274bdaa965e052874ec1190c
    package_lock:
      path: test/clients/typescript/package-lock.json
      sha256: 8af64c115bfa39814622dc9a9b79ffa6766469c896cc898e4ee1445d0ada72b2
    fixture:
      path: test/clients/typescript/smoke.mjs
      sha256: 0c78ce56d32e86c0e7bd607812b5960d03f787f252737cb2048b335b26ac0557
  python:
    package: mcp
    version: 2.0.0
    lock_generator: pip-tools
    lock_generator_version: 7.5.3
    artifact: https://files.pythonhosted.org/packages/67/72/7d7897418912c1d12e87556630dfb7bf0eac71160e9bef8b447960804ee3/mcp-2.0.0-py3-none-any.whl
    sha256: 1cb4c75d2d2c7b8c1d756355e5d82a39f2822cc7f13e22a2051d7ca3592349d6
    requirements_lock:
      path: test/clients/python/requirements.lock
      sha256: ae6a19492ee0c0c493ea66fd3bb2134c79a30eae2fe51257c7c43955e930fc63
    fixture:
      path: test/clients/python/smoke.py
      sha256: 3fb86a2854c2a31f8c83fd36f46c555153cce1b046bdd404c8091d85895c3f96
